{
  "requires": true,
  "lockfileVersion": 1,
  "dependencies": {
    "@ionic/storage": {
      "version": "3.0.4",
      "resolved": "https://registry.npmjs.org/@ionic/storage/-/storage-3.0.4.tgz",
      "integrity": "sha512-fE0jCe2y32Bz2qwQC1F+ANb4YW2iAwOlAj7Js9Zz0HWrlKG+RKi1zKVdpuuik8ev5FujYANd6wtm0ikVuaXA+A==",
      "requires": {
        "localforage": "^1.9.0"
      }
    },
    "@ionic/storage-angular": {
      "version": "3.0.6",
      "resolved": "https://registry.npmjs.org/@ionic/storage-angular/-/storage-angular-3.0.6.tgz",
      "integrity": "sha512-ZXlIFWGU27aCxVFgZb0KFJFtWwnn6+HK6v0rMGzjN8f7oV2ewXaQ2dl1gTw/A8YoozTVPOFxwfFHCjhWLFR1Fw==",
      "requires": {
        "@ionic/storage": "^3.0.4",
        "tslib": "^1.10.0"
      }
    },
    "immediate": {
      "version": "3.0.6",
      "resolved": "https://registry.npmjs.org/immediate/-/immediate-3.0.6.tgz",
      "integrity": "sha1-nbHb0Pr43m++D13V5Wu2BigN5ps="
    },
    "lie": {
      "version": "3.1.1",
      "resolved": "https://registry.npmjs.org/lie/-/lie-3.1.1.tgz",
      "integrity": "sha1-mkNrLMd0bKWd56QfpGmz77dr2H4=",
      "requires": {
        "immediate": "~3.0.5"
      }
    },
    "localforage": {
      "version": "1.9.0",
      "resolved": "https://registry.npmjs.org/localforage/-/localforage-1.9.0.tgz",
      "integrity": "sha512-rR1oyNrKulpe+VM9cYmcFn6tsHuokyVHFaCM3+osEmxaHTbEk8oQu6eGDfS6DQLWi/N67XRmB8ECG37OES368g==",
      "requires": {
        "lie": "3.1.1"
      }
    },
    "tslib": {
      "version": "1.14.1",
      "resolved": "https://registry.npmjs.org/tslib/-/tslib-1.14.1.tgz",
      "integrity": "sha512-Xni35NKzjgMrwevysHTCArtLDpPvye8zV/0E4EyYn43P7/7qvQwPh9BGkHewbMulVntbigmcT7rdX3BNo9wRJg=="
    }
  }
}
